
Microsoft Visual Studio Solution File, Format Version 12.00
# Visual Studio Version 17
VisualStudioVersion = 17.8.34322.80
MinimumVisualStudioVersion = 10.0.40219.1
Project("{FAE04EC0-301F-11D3-BF4B-00C04F79EFBC}") = "Ecommerce.ProductService", "Ecommerce.ProductService.csproj", "{CC1D4227-8B48-446D-9CCA-1E811DCD6EA9}"
EndProject
Global
	GlobalSection(SolutionConfigurationPlatforms) = preSolution
		Debug|Any CPU = Debug|Any CPU
		Release|Any CPU = Release|Any CPU
	EndGlobalSection
	GlobalSection(ProjectConfigurationPlatforms) = postSolution
		{CC1D4227-8B48-446D-9CCA-1E811DCD6EA9}.Debug|Any CPU.ActiveCfg = Debug|Any CPU
		{CC1D4227-8B48-446D-9CCA-1E811DCD6EA9}.Debug|Any CPU.Build.0 = Debug|Any CPU
		{CC1D4227-8B48-446D-9CCA-1E811DCD6EA9}.Release|Any CPU.ActiveCfg = Release|Any CPU
		{CC1D4227-8B48-446D-9CCA-1E811DCD6EA9}.Release|Any CPU.Build.0 = Release|Any CPU
	EndGlobalSection
	GlobalSection(SolutionProperties) = preSolution
		HideSolutionNode = FALSE
	EndGlobalSection
	GlobalSection(ExtensibilityGlobals) = postSolution
		SolutionGuid = {C4CFF29A-E69C-4382-96E3-F0051B46FFB7}
	EndGlobalSection
EndGlobal
